// !$*UTF8*$!
{
	archiveVersion = 1;
	classes = {
	};
	objectVersion = 56;
	objects = {

/* Begin PBXBuildFile section */
		D68D382028FC9519004015DE /* DataManager.swift in Sources */ = {isa = PBXBuildFile; fileRef = D68D381F28FC9519004015DE /* DataManager.swift */; };
		D68D382328FC962E004015DE /* WebService.swift in Sources */ = {isa = PBXBuildFile; fileRef = D68D382228FC962E004015DE /* WebService.swift */; };
		D68D763528FE4C0400347122 /* Minecraft.ttf in Resources */ = {isa = PBXBuildFile; fileRef = D68D763428FE4C0400347122 /* Minecraft.ttf */; };
		D68D763728FE4C1500347122 /* 04B_30__.ttf in Resources */ = {isa = PBXBuildFile; fileRef = D68D763628FE4C1500347122 /* 04B_30__.ttf */; };
		D68D763928FF129200347122 /* AVSound.swift in Sources */ = {isa = PBXBuildFile; fileRef = D68D763828FF129200347122 /* AVSound.swift */; };
		D68D763C28FF1AF100347122 /* classic-arcade-video-game.mp3 in Resources */ = {isa = PBXBuildFile; fileRef = D68D763B28FF1AF000347122 /* classic-arcade-video-game.mp3 */; };
		D68D763F28FF23B100347122 /* retro_8_bit_repeating_016.mp3 in Resources */ = {isa = PBXBuildFile; fileRef = D68D763D28FF23B100347122 /* retro_8_bit_repeating_016.mp3 */; };
		D68D764028FF23B100347122 /* mixkit-water-bubble-1317.wav in Resources */ = {isa = PBXBuildFile; fileRef = D68D763E28FF23B100347122 /* mixkit-water-bubble-1317.wav */; };
		D68D764229003AD700347122 /* DataManagerTest.swift in Sources */ = {isa = PBXBuildFile; fileRef = D68D764129003AD700347122 /* DataManagerTest.swift */; };
		D6A830F928F45679006C5F04 /* MonsterModel.swift in Sources */ = {isa = PBXBuildFile; fileRef = D6A830F828F45679006C5F04 /* MonsterModel.swift */; };
		D6A830FF28F45B7D006C5F04 /* HomeView.swift in Sources */ = {isa = PBXBuildFile; fileRef = D6A830FE28F45B7D006C5F04 /* HomeView.swift */; };
		D6A8310228F73897006C5F04 /* ViewCoding.swift in Sources */ = {isa = PBXBuildFile; fileRef = D6A8310128F73897006C5F04 /* ViewCoding.swift */; };
		D6A8310428F7540B006C5F04 /* BookViewController.swift in Sources */ = {isa = PBXBuildFile; fileRef = D6A8310328F7540B006C5F04 /* BookViewController.swift */; };
		D6A8310628F75750006C5F04 /* BookView.swift in Sources */ = {isa = PBXBuildFile; fileRef = D6A8310528F75750006C5F04 /* BookView.swift */; };
		D6A8310B28F76239006C5F04 /* CollectionViewCell.swift in Sources */ = {isa = PBXBuildFile; fileRef = D6A8310A28F76239006C5F04 /* CollectionViewCell.swift */; };
		D6A8310D28F79C0E006C5F04 /* MonsterViewController.swift in Sources */ = {isa = PBXBuildFile; fileRef = D6A8310C28F79C0E006C5F04 /* MonsterViewController.swift */; };
		D6A8310F28F79C1E006C5F04 /* MonsterView.swift in Sources */ = {isa = PBXBuildFile; fileRef = D6A8310E28F79C1E006C5F04 /* MonsterView.swift */; };
		D6A8311128F85683006C5F04 /* BookDelegate.swift in Sources */ = {isa = PBXBuildFile; fileRef = D6A8311028F85683006C5F04 /* BookDelegate.swift */; };
		D6A8311328F85696006C5F04 /* HomeDelegate.swift in Sources */ = {isa = PBXBuildFile; fileRef = D6A8311228F85696006C5F04 /* HomeDelegate.swift */; };
		D6CEFE6128F44D580098E2C5 /* AppDelegate.swift in Sources */ = {isa = PBXBuildFile; fileRef = D6CEFE6028F44D580098E2C5 /* AppDelegate.swift */; };
		D6CEFE6328F44D580098E2C5 /* SceneDelegate.swift in Sources */ = {isa = PBXBuildFile; fileRef = D6CEFE6228F44D580098E2C5 /* SceneDelegate.swift */; };
		D6CEFE6528F44D580098E2C5 /* HomeViewController.swift in Sources */ = {isa = PBXBuildFile; fileRef = D6CEFE6428F44D580098E2C5 /* HomeViewController.swift */; };
		D6CEFE6B28F44D580098E2C5 /* MonsterPixel.xcdatamodeld in Sources */ = {isa = PBXBuildFile; fileRef = D6CEFE6928F44D580098E2C5 /* MonsterPixel.xcdatamodeld */; };
		D6CEFE6D28F44D590098E2C5 /* Assets.xcassets in Resources */ = {isa = PBXBuildFile; fileRef = D6CEFE6C28F44D590098E2C5 /* Assets.xcassets */; };
		D6CEFE7028F44D590098E2C5 /* LaunchScreen.storyboard in Resources */ = {isa = PBXBuildFile; fileRef = D6CEFE6E28F44D590098E2C5 /* LaunchScreen.storyboard */; };
		D6CEFE7B28F44D5A0098E2C5 /* MonsterPixelTests.swift in Sources */ = {isa = PBXBuildFile; fileRef = D6CEFE7A28F44D5A0098E2C5 /* MonsterPixelTests.swift */; };
/* End PBXBuildFile section */

/* Begin PBXContainerItemProxy section */
		D6CEFE7728F44D590098E2C5 /* PBXContainerItemProxy */ = {
			isa = PBXContainerItemProxy;
			containerPortal = D6CEFE5528F44D580098E2C5 /* Project object */;
			proxyType = 1;
			remoteGlobalIDString = D6CEFE5C28F44D580098E2C5;
			remoteInfo = MonsterPixel;
		};
		D6CEFE8128F44D5A0098E2C5 /* PBXContainerItemProxy */ = {
			isa = PBXContainerItemProxy;
			containerPortal = D6CEFE5528F44D580098E2C5 /* Project object */;
			proxyType = 1;
			remoteGlobalIDString = D6CEFE5C28F44D580098E2C5;
			remoteInfo = MonsterPixel;
		};
/* End PBXContainerItemProxy section */

/* Begin PBXFileReference section */
		D68D381F28FC9519004015DE /* DataManager.swift */ = {isa = PBXFileReference; lastKnownFileType = sourcecode.swift; path = DataManager.swift; sourceTree = "<group>"; };
		D68D382228FC962E004015DE /* WebService.swift */ = {isa = PBXFileReference; lastKnownFileType = sourcecode.swift; path = WebService.swift; sourceTree = "<group>"; };
		D68D763428FE4C0400347122 /* Minecraft.ttf */ = {isa = PBXFileReference; lastKnownFileType = file; path = Minecraft.ttf; sourceTree = "<group>"; };
		D68D763628FE4C1500347122 /* 04B_30__.ttf */ = {isa = PBXFileReference; lastKnownFileType = file; path = 04B_30__.ttf; sourceTree = "<group>"; };
		D68D763828FF129200347122 /* AVSound.swift */ = {isa = PBXFileReference; lastKnownFileType = sourcecode.swift; path = AVSound.swift; sourceTree = "<group>"; };
		D68D763B28FF1AF000347122 /* classic-arcade-video-game.mp3 */ = {isa = PBXFileReference; lastKnownFileType = audio.mp3; path = "classic-arcade-video-game.mp3"; sourceTree = "<group>"; };
		D68D763D28FF23B100347122 /* retro_8_bit_repeating_016.mp3 */ = {isa = PBXFileReference; lastKnownFileType = audio.mp3; path = retro_8_bit_repeating_016.mp3; sourceTree = "<group>"; };
		D68D763E28FF23B100347122 /* mixkit-water-bubble-1317.wav */ = {isa = PBXFileReference; lastKnownFileType = audio.wav; path = "mixkit-water-bubble-1317.wav"; sourceTree = "<group>"; };
		D68D764129003AD700347122 /* DataManagerTest.swift */ = {isa = PBXFileReference; lastKnownFileType = sourcecode.swift; path = DataManagerTest.swift; sourceTree = "<group>"; };
		D6A830F828F45679006C5F04 /* MonsterModel.swift */ = {isa = PBXFileReference; lastKnownFileType = sourcecode.swift; path = MonsterModel.swift; sourceTree = "<group>"; };
		D6A830FE28F45B7D006C5F04 /* HomeView.swift */ = {isa = PBXFileReference; lastKnownFileType = sourcecode.swift; path = HomeView.swift; sourceTree = "<group>"; };
		D6A8310128F73897006C5F04 /* ViewCoding.swift */ = {isa = PBXFileReference; lastKnownFileType = sourcecode.swift; path = ViewCoding.swift; sourceTree = "<group>"; };
		D6A8310328F7540B006C5F04 /* BookViewController.swift */ = {isa = PBXFileReference; lastKnownFileType = sourcecode.swift; path = BookViewController.swift; sourceTree = "<group>"; };
		D6A8310528F75750006C5F04 /* BookView.swift */ = {isa = PBXFileReference; lastKnownFileType = sourcecode.swift; path = BookView.swift; sourceTree = "<group>"; };
		D6A8310A28F76239006C5F04 /* CollectionViewCell.swift */ = {isa = PBXFileReference; lastKnownFileType = sourcecode.swift; path = CollectionViewCell.swift; sourceTree = "<group>"; };
		D6A8310C28F79C0E006C5F04 /* MonsterViewController.swift */ = {isa = PBXFileReference; lastKnownFileType = sourcecode.swift; path = MonsterViewController.swift; sourceTree = "<group>"; };
		D6A8310E28F79C1E006C5F04 /* MonsterView.swift */ = {isa = PBXFileReference; lastKnownFileType = sourcecode.swift; path = MonsterView.swift; sourceTree = "<group>"; };
		D6A8311028F85683006C5F04 /* BookDelegate.swift */ = {isa = PBXFileReference; lastKnownFileType = sourcecode.swift; path = BookDelegate.swift; sourceTree = "<group>"; };
		D6A8311228F85696006C5F04 /* HomeDelegate.swift */ = {isa = PBXFileReference; lastKnownFileType = sourcecode.swift; path = HomeDelegate.swift; sourceTree = "<group>"; };
		D6CEFE5D28F44D580098E2C5 /* MonsterPixel.app */ = {isa = PBXFileReference; explicitFileType = wrapper.application; includeInIndex = 0; path = MonsterPixel.app; sourceTree = BUILT_PRODUCTS_DIR; };
		D6CEFE6028F44D580098E2C5 /* AppDelegate.swift */ = {isa = PBXFileReference; lastKnownFileType = sourcecode.swift; path = AppDelegate.swift; sourceTree = "<group>"; };
		D6CEFE6228F44D580098E2C5 /* SceneDelegate.swift */ = {isa = PBXFileReference; lastKnownFileType = sourcecode.swift; path = SceneDelegate.swift; sourceTree = "<group>"; };
		D6CEFE6428F44D580098E2C5 /* HomeViewController.swift */ = {isa = PBXFileReference; lastKnownFileType = sourcecode.swift; path = HomeViewController.swift; sourceTree = "<group>"; };
		D6CEFE6A28F44D580098E2C5 /* MonsterPixel.xcdatamodel */ = {isa = PBXFileReference; lastKnownFileType = wrapper.xcdatamodel; path = MonsterPixel.xcdatamodel; sourceTree = "<group>"; };
		D6CEFE6C28F44D590098E2C5 /* Assets.xcassets */ = {isa = PBXFileReference; lastKnownFileType = folder.assetcatalog; path = Assets.xcassets; sourceTree = "<group>"; };
		D6CEFE6F28F44D590098E2C5 /* Base */ = {isa = PBXFileReference; lastKnownFileType = file.storyboard; name = Base; path = Base.lproj/LaunchScreen.storyboard; sourceTree = "<group>"; };
		D6CEFE7128F44D590098E2C5 /* Info.plist */ = {isa = PBXFileReference; lastKnownFileType = text.plist.xml; path = Info.plist; sourceTree = "<group>"; };
		D6CEFE7628F44D590098E2C5 /* MonsterPixelTests.xctest */ = {isa = PBXFileReference; explicitFileType = wrapper.cfbundle; includeInIndex = 0; path = MonsterPixelTests.xctest; sourceTree = BUILT_PRODUCTS_DIR; };
		D6CEFE7A28F44D5A0098E2C5 /* MonsterPixelTests.swift */ = {isa = PBXFileReference; lastKnownFileType = sourcecode.swift; path = MonsterPixelTests.swift; sourceTree = "<group>"; };
		D6CEFE8028F44D5A0098E2C5 /* .xctest */ = {isa = PBXFileReference; explicitFileType = wrapper.cfbundle; includeInIndex = 0; path = .xctest; sourceTree = BUILT_PRODUCTS_DIR; };
/* End PBXFileReference section */

/* Begin PBXFrameworksBuildPhase section */
		D6CEFE5A28F44D580098E2C5 /* Frameworks */ = {
			isa = PBXFrameworksBuildPhase;
			buildActionMask = 2147483647;
			files = (
			);
			runOnlyForDeploymentPostprocessing = 0;
		};
		D6CEFE7328F44D590098E2C5 /* Frameworks */ = {
			isa = PBXFrameworksBuildPhase;
			buildActionMask = 2147483647;
			files = (
			);
			runOnlyForDeploymentPostprocessing = 0;
		};
		D6CEFE7D28F44D5A0098E2C5 /* Frameworks */ = {
			isa = PBXFrameworksBuildPhase;
			buildActionMask = 2147483647;
			files = (
			);
			runOnlyForDeploymentPostprocessing = 0;
		};
/* End PBXFrameworksBuildPhase section */

/* Begin PBXGroup section */
		D68D381E28FC94F7004015DE /* CoreData */ = {
			isa = PBXGroup;
			children = (
				D6CEFE6928F44D580098E2C5 /* MonsterPixel.xcdatamodeld */,
				D68D381F28FC9519004015DE /* DataManager.swift */,
			);
			path = CoreData;
			sourceTree = "<group>";
		};
		D68D382128FC9620004015DE /* WebService */ = {
			isa = PBXGroup;
			children = (
				D68D382228FC962E004015DE /* WebService.swift */,
			);
			path = WebService;
			sourceTree = "<group>";
		};
		D68D763028FE4BBE00347122 /* fonts */ = {
			isa = PBXGroup;
			children = (
				D68D763628FE4C1500347122 /* 04B_30__.ttf */,
				D68D763428FE4C0400347122 /* Minecraft.ttf */,
			);
			path = fonts;
			sourceTree = "<group>";
		};
		D68D763A28FF12B700347122 /* sounds */ = {
			isa = PBXGroup;
			children = (
				D68D763B28FF1AF000347122 /* classic-arcade-video-game.mp3 */,
				D68D763E28FF23B100347122 /* mixkit-water-bubble-1317.wav */,
				D68D763D28FF23B100347122 /* retro_8_bit_repeating_016.mp3 */,
			);
			path = sounds;
			sourceTree = "<group>";
		};
		D6A830F728F4566A006C5F04 /* Model */ = {
			isa = PBXGroup;
			children = (
				D6A830F828F45679006C5F04 /* MonsterModel.swift */,
			);
			path = Model;
			sourceTree = "<group>";
		};
		D6A830FD28F456AD006C5F04 /* View */ = {
			isa = PBXGroup;
			children = (
				D6A830FE28F45B7D006C5F04 /* HomeView.swift */,
				D6A8310528F75750006C5F04 /* BookView.swift */,
				D6A8310A28F76239006C5F04 /* CollectionViewCell.swift */,
				D6A8310E28F79C1E006C5F04 /* MonsterView.swift */,
			);
			path = View;
			sourceTree = "<group>";
		};
		D6A8310028F5BA68006C5F04 /* Suport */ = {
			isa = PBXGroup;
			children = (
				D6A8310128F73897006C5F04 /* ViewCoding.swift */,
				D6A8311028F85683006C5F04 /* BookDelegate.swift */,
				D6A8311228F85696006C5F04 /* HomeDelegate.swift */,
				D68D763828FF129200347122 /* AVSound.swift */,
			);
			path = Suport;
			sourceTree = "<group>";
		};
		D6CEFE5428F44D580098E2C5 = {
			isa = PBXGroup;
			children = (
				D6CEFE5F28F44D580098E2C5 /* MonsterPixel */,
				D6CEFE7928F44D5A0098E2C5 /* MonsterPixelTests */,
				D6CEFE5E28F44D580098E2C5 /* Products */,
			);
			sourceTree = "<group>";
		};
		D6CEFE5E28F44D580098E2C5 /* Products */ = {
			isa = PBXGroup;
			children = (
				D6CEFE5D28F44D580098E2C5 /* MonsterPixel.app */,
				D6CEFE7628F44D590098E2C5 /* MonsterPixelTests.xctest */,
				D6CEFE8028F44D5A0098E2C5 /* .xctest */,
			);
			name = Products;
			sourceTree = "<group>";
		};
		D6CEFE5F28F44D580098E2C5 /* MonsterPixel */ = {
			isa = PBXGroup;
			children = (
				D68D382128FC9620004015DE /* WebService */,
				D68D381E28FC94F7004015DE /* CoreData */,
				D6CEFE9528F44DA00098E2C5 /* Resource */,
				D6A8310028F5BA68006C5F04 /* Suport */,
				D6CEFE9328F44D8A0098E2C5 /* Aplication */,
				D6CEFE9428F44D950098E2C5 /* Source */,
				D6CEFE7128F44D590098E2C5 /* Info.plist */,
			);
			path = MonsterPixel;
			sourceTree = "<group>";
		};
		D6CEFE7928F44D5A0098E2C5 /* MonsterPixelTests */ = {
			isa = PBXGroup;
			children = (
				D6CEFE7A28F44D5A0098E2C5 /* MonsterPixelTests.swift */,
				D68D764129003AD700347122 /* DataManagerTest.swift */,
			);
			path = MonsterPixelTests;
			sourceTree = "<group>";
		};
		D6CEFE9328F44D8A0098E2C5 /* Aplication */ = {
			isa = PBXGroup;
			children = (
				D6CEFE6E28F44D590098E2C5 /* LaunchScreen.storyboard */,
				D6CEFE6028F44D580098E2C5 /* AppDelegate.swift */,
				D6CEFE6228F44D580098E2C5 /* SceneDelegate.swift */,
			);
			path = Aplication;
			sourceTree = "<group>";
		};
		D6CEFE9428F44D950098E2C5 /* Source */ = {
			isa = PBXGroup;
			children = (
				D6A830F728F4566A006C5F04 /* Model */,
				D6CEFE9728F44DB00098E2C5 /* ViewController */,
				D6A830FD28F456AD006C5F04 /* View */,
			);
			path = Source;
			sourceTree = "<group>";
		};
		D6CEFE9528F44DA00098E2C5 /* Resource */ = {
			isa = PBXGroup;
			children = (
				D68D763A28FF12B700347122 /* sounds */,
				D68D763028FE4BBE00347122 /* fonts */,
				D6CEFE6C28F44D590098E2C5 /* Assets.xcassets */,
			);
			path = Resource;
			sourceTree = "<group>";
		};
		D6CEFE9728F44DB00098E2C5 /* ViewController */ = {
			isa = PBXGroup;
			children = (
				D6CEFE6428F44D580098E2C5 /* HomeViewController.swift */,
				D6A8310328F7540B006C5F04 /* BookViewController.swift */,
				D6A8310C28F79C0E006C5F04 /* MonsterViewController.swift */,
			);
			path = ViewController;
			sourceTree = "<group>";
		};
/* End PBXGroup section */

/* Begin PBXNativeTarget section */
		D6CEFE5C28F44D580098E2C5 /* MonsterPixel */ = {
			isa = PBXNativeTarget;
			buildConfigurationList = D6CEFE8A28F44D5A0098E2C5 /* Build configuration list for PBXNativeTarget "MonsterPixel" */;
			buildPhases = (
				D6CEFE5928F44D580098E2C5 /* Sources */,
				D6CEFE5A28F44D580098E2C5 /* Frameworks */,
				D6CEFE5B28F44D580098E2C5 /* Resources */,
				D6FD706528F453EE007F21DF /* ShellScript */,
			);
			buildRules = (
			);
			dependencies = (
			);
			name = MonsterPixel;
			productName = MonsterPixel;
			productReference = D6CEFE5D28F44D580098E2C5 /* MonsterPixel.app */;
			productType = "com.apple.product-type.application";
		};
		D6CEFE7528F44D590098E2C5 /* MonsterPixelTests */ = {
			isa = PBXNativeTarget;
			buildConfigurationList = D6CEFE8D28F44D5A0098E2C5 /* Build configuration list for PBXNativeTarget "MonsterPixelTests" */;
			buildPhases = (
				D6CEFE7228F44D590098E2C5 /* Sources */,
				D6CEFE7328F44D590098E2C5 /* Frameworks */,
				D6CEFE7428F44D590098E2C5 /* Resources */,
			);
			buildRules = (
			);
			dependencies = (
				D6CEFE7828F44D590098E2C5 /* PBXTargetDependency */,
			);
			name = MonsterPixelTests;
			productName = MonsterPixelTests;
			productReference = D6CEFE7628F44D590098E2C5 /* MonsterPixelTests.xctest */;
			productType = "com.apple.product-type.bundle.unit-test";
		};
		D6CEFE7F28F44D5A0098E2C5 /* MonsterPixelUITests */ = {
			isa = PBXNativeTarget;
			buildConfigurationList = D6CEFE9028F44D5A0098E2C5 /* Build configuration list for PBXNativeTarget "MonsterPixelUITests" */;
			buildPhases = (
				D6CEFE7C28F44D5A0098E2C5 /* Sources */,
				D6CEFE7D28F44D5A0098E2C5 /* Frameworks */,
				D6CEFE7E28F44D5A0098E2C5 /* Resources */,
			);
			buildRules = (
			);
			dependencies = (
				D6CEFE8228F44D5A0098E2C5 /* PBXTargetDependency */,
			);
			name = MonsterPixelUITests;
			productName = MonsterPixelUITests;
			productReference = D6CEFE8028F44D5A0098E2C5 /* .xctest */;
			productType = "com.apple.product-type.bundle.ui-testing";
		};
/* End PBXNativeTarget section */

/* Begin PBXProject section */
		D6CEFE5528F44D580098E2C5 /* Project object */ = {
			isa = PBXProject;
			attributes = {
				BuildIndependentTargetsInParallel = 1;
				LastSwiftUpdateCheck = 1400;
				LastUpgradeCheck = 1400;
				TargetAttributes = {
					D6CEFE5C28F44D580098E2C5 = {
						CreatedOnToolsVersion = 14.0.1;
					};
					D6CEFE7528F44D590098E2C5 = {
						CreatedOnToolsVersion = 14.0.1;
						TestTargetID = D6CEFE5C28F44D580098E2C5;
					};
					D6CEFE7F28F44D5A0098E2C5 = {
						CreatedOnToolsVersion = 14.0.1;
						TestTargetID = D6CEFE5C28F44D580098E2C5;
					};
				};
			};
			buildConfigurationList = D6CEFE5828F44D580098E2C5 /* Build configuration list for PBXProject "MonsterPixel" */;
			compatibilityVersion = "Xcode 14.0";
			developmentRegion = en;
			hasScannedForEncodings = 0;
			knownRegions = (
				en,
				Base,
			);
			mainGroup = D6CEFE5428F44D580098E2C5;
			productRefGroup = D6CEFE5E28F44D580098E2C5 /* Products */;
			projectDirPath = "";
			projectRoot = "";
			targets = (
				D6CEFE5C28F44D580098E2C5 /* MonsterPixel */,
				D6CEFE7528F44D590098E2C5 /* MonsterPixelTests */,
				D6CEFE7F28F44D5A0098E2C5 /* MonsterPixelUITests */,
			);
		};
/* End PBXProject section */

/* Begin PBXResourcesBuildPhase section */
		D6CEFE5B28F44D580098E2C5 /* Resources */ = {
			isa = PBXResourcesBuildPhase;
			buildActionMask = 2147483647;
			files = (
				D68D763C28FF1AF100347122 /* classic-arcade-video-game.mp3 in Resources */,
				D68D763528FE4C0400347122 /* Minecraft.ttf in Resources */,
				D6CEFE7028F44D590098E2C5 /* LaunchScreen.storyboard in Resources */,
				D68D763728FE4C1500347122 /* 04B_30__.ttf in Resources */,
				D6CEFE6D28F44D590098E2C5 /* Assets.xcassets in Resources */,
				D68D763F28FF23B100347122 /* retro_8_bit_repeating_016.mp3 in Resources */,
				D68D764028FF23B100347122 /* mixkit-water-bubble-1317.wav in Resources */,
			);
			runOnlyForDeploymentPostprocessing = 0;
		};
		D6CEFE7428F44D590098E2C5 /* Resources */ = {
			isa = PBXResourcesBuildPhase;
			buildActionMask = 2147483647;
			files = (
			);
			runOnlyForDeploymentPostprocessing = 0;
		};
		D6CEFE7E28F44D5A0098E2C5 /* Resources */ = {
			isa = PBXResourcesBuildPhase;
			buildActionMask = 2147483647;
			files = (
			);
			runOnlyForDeploymentPostprocessing = 0;
		};
/* End PBXResourcesBuildPhase section */

/* Begin PBXShellScriptBuildPhase section */
		D6FD706528F453EE007F21DF /* ShellScript */ = {
			isa = PBXShellScriptBuildPhase;
			alwaysOutOfDate = 1;
			buildActionMask = 2147483647;
			files = (
			);
			inputFileListPaths = (
			);
			inputPaths = (
			);
			outputFileListPaths = (
			);
			outputPaths = (
			);
			runOnlyForDeploymentPostprocessing = 0;
			shellPath = /bin/sh;
			shellScript = "export PATH=\"$PATH:/opt/homebrew/bin\"\nif which swiftlint > /dev/null; then\n  swiftlint\nelse\n  echo \"warning: SwiftLint not installed, download from https://github.com/realm/SwiftLint\"\nfi\n\n";
		};
/* End PBXShellScriptBuildPhase section */

/* Begin PBXSourcesBuildPhase section */
		D6CEFE5928F44D580098E2C5 /* Sources */ = {
			isa = PBXSourcesBuildPhase;
			buildActionMask = 2147483647;
			files = (
				D6A8310628F75750006C5F04 /* BookView.swift in Sources */,
				D68D382028FC9519004015DE /* DataManager.swift in Sources */,
				D6CEFE6528F44D580098E2C5 /* HomeViewController.swift in Sources */,
				D6CEFE6128F44D580098E2C5 /* AppDelegate.swift in Sources */,
				D6A8310228F73897006C5F04 /* ViewCoding.swift in Sources */,
				D6A8311128F85683006C5F04 /* BookDelegate.swift in Sources */,
				D6CEFE6328F44D580098E2C5 /* SceneDelegate.swift in Sources */,
				D68D763928FF129200347122 /* AVSound.swift in Sources */,
				D6A830F928F45679006C5F04 /* MonsterModel.swift in Sources */,
				D6A8310D28F79C0E006C5F04 /* MonsterViewController.swift in Sources */,
				D6A8310428F7540B006C5F04 /* BookViewController.swift in Sources */,
				D68D382328FC962E004015DE /* WebService.swift in Sources */,
				D6CEFE6B28F44D580098E2C5 /* MonsterPixel.xcdatamodeld in Sources */,
				D6A830FF28F45B7D006C5F04 /* HomeView.swift in Sources */,
				D6A8310B28F76239006C5F04 /* CollectionViewCell.swift in Sources */,
				D6A8310F28F79C1E006C5F04 /* MonsterView.swift in Sources */,
				D6A8311328F85696006C5F04 /* HomeDelegate.swift in Sources */,
			);
			runOnlyForDeploymentPostprocessing = 0;
		};
		D6CEFE7228F44D590098E2C5 /* Sources */ = {
			isa = PBXSourcesBuildPhase;
			buildActionMask = 2147483647;
			files = (
				D6CEFE7B28F44D5A0098E2C5 /* MonsterPixelTests.swift in Sources */,
				D68D764229003AD700347122 /* DataManagerTest.swift in Sources */,
			);
			runOnlyForDeploymentPostprocessing = 0;
		};
		D6CEFE7C28F44D5A0098E2C5 /* Sources */ = {
			isa = PBXSourcesBuildPhase;
			buildActionMask = 2147483647;
			files = (
			);
			runOnlyForDeploymentPostprocessing = 0;
		};
/* End PBXSourcesBuildPhase section */

/* Begin PBXTargetDependency section */
		D6CEFE7828F44D590098E2C5 /* PBXTargetDependency */ = {
			isa = PBXTargetDependency;
			target = D6CEFE5C28F44D580098E2C5 /* MonsterPixel */;
			targetProxy = D6CEFE7728F44D590098E2C5 /* PBXContainerItemProxy */;
		};
		D6CEFE8228F44D5A0098E2C5 /* PBXTargetDependency */ = {
			isa = PBXTargetDependency;
			target = D6CEFE5C28F44D580098E2C5 /* MonsterPixel */;
			targetProxy = D6CEFE8128F44D5A0098E2C5 /* PBXContainerItemProxy */;
		};
/* End PBXTargetDependency section */

/* Begin PBXVariantGroup section */
		D6CEFE6E28F44D590098E2C5 /* LaunchScreen.storyboard */ = {
			isa = PBXVariantGroup;
			children = (
				D6CEFE6F28F44D590098E2C5 /* Base */,
			);
			name = LaunchScreen.storyboard;
			sourceTree = "<group>";
		};
/* End PBXVariantGroup section */

/* Begin XCBuildConfiguration section */
		D6CEFE8828F44D5A0098E2C5 /* Debug */ = {
			isa = XCBuildConfiguration;
			buildSettings = {
				ALWAYS_SEARCH_USER_PATHS = NO;
				CLANG_ANALYZER_NONNULL = YES;
				CLANG_ANALYZER_NUMBER_OBJECT_CONVERSION = YES_AGGRESSIVE;
				CLANG_CXX_LANGUAGE_STANDARD = "gnu++20";
				CLANG_ENABLE_MODULES = YES;
				CLANG_ENABLE_OBJC_ARC = YES;
				CLANG_ENABLE_OBJC_WEAK = YES;
				CLANG_WARN_BLOCK_CAPTURE_AUTORELEASING = YES;
				CLANG_WARN_BOOL_CONVERSION = YES;
				CLANG_WARN_COMMA = YES;
				CLANG_WARN_CONSTANT_CONVERSION = YES;
				CLANG_WARN_DEPRECATED_OBJC_IMPLEMENTATIONS = YES;
				CLANG_WARN_DIRECT_OBJC_ISA_USAGE = YES_ERROR;
				CLANG_WARN_DOCUMENTATION_COMMENTS = YES;
				CLANG_WARN_EMPTY_BODY = YES;
				CLANG_WARN_ENUM_CONVERSION = YES;
				CLANG_WARN_INFINITE_RECURSION = YES;
				CLANG_WARN_INT_CONVERSION = YES;
				CLANG_WARN_NON_LITERAL_NULL_CONVERSION = YES;
				CLANG_WARN_OBJC_IMPLICIT_RETAIN_SELF = YES;
				CLANG_WARN_OBJC_LITERAL_CONVERSION = YES;
				CLANG_WARN_OBJC_ROOT_CLASS = YES_ERROR;
				CLANG_WARN_QUOTED_INCLUDE_IN_FRAMEWORK_HEADER = YES;
				CLANG_WARN_RANGE_LOOP_ANALYSIS = YES;
				CLANG_WARN_STRICT_PROTOTYPES = YES;
				CLANG_WARN_SUSPICIOUS_MOVE = YES;
				CLANG_WARN_UNGUARDED_AVAILABILITY = YES_AGGRESSIVE;
				CLANG_WARN_UNREACHABLE_CODE = YES;
				CLANG_WARN__DUPLICATE_METHOD_MATCH = YES;
				COPY_PHASE_STRIP = NO;
				DEBUG_INFORMATION_FORMAT = dwarf;
				ENABLE_STRICT_OBJC_MSGSEND = YES;
				ENABLE_TESTABILITY = YES;
				GCC_C_LANGUAGE_STANDARD = gnu11;
				GCC_DYNAMIC_NO_PIC = NO;
				GCC_NO_COMMON_BLOCKS = YES;
				GCC_OPTIMIZATION_LEVEL = 0;
				GCC_PREPROCESSOR_DEFINITIONS = (
					"DEBUG=1",
					"$(inherited)",
				);
				GCC_WARN_64_TO_32_BIT_CONVERSION = YES;
				GCC_WARN_ABOUT_RETURN_TYPE = YES_ERROR;
				GCC_WARN_UNDECLARED_SELECTOR = YES;
				GCC_WARN_UNINITIALIZED_AUTOS = YES_AGGRESSIVE;
				GCC_WARN_UNUSED_FUNCTION = YES;
				GCC_WARN_UNUSED_VARIABLE = YES;
				IPHONEOS_DEPLOYMENT_TARGET = 16.0;
				MTL_ENABLE_DEBUG_INFO = INCLUDE_SOURCE;
				MTL_FAST_MATH = YES;
				ONLY_ACTIVE_ARCH = YES;
				SDKROOT = iphoneos;
				SWIFT_ACTIVE_COMPILATION_CONDITIONS = DEBUG;
				SWIFT_OPTIMIZATION_LEVEL = "-Onone";
			};
			name = Debug;
		};
		D6CEFE8928F44D5A0098E2C5 /* Release */ = {
			isa = XCBuildConfiguration;
			buildSettings = {
				ALWAYS_SEARCH_USER_PATHS = NO;
				CLANG_ANALYZER_NONNULL = YES;
				CLANG_ANALYZER_NUMBER_OBJECT_CONVERSION = YES_AGGRESSIVE;
				CLANG_CXX_LANGUAGE_STANDARD = "gnu++20";
				CLANG_ENABLE_MODULES = YES;
				CLANG_ENABLE_OBJC_ARC = YES;
				CLANG_ENABLE_OBJC_WEAK = YES;
				CLANG_WARN_BLOCK_CAPTURE_AUTORELEASING = YES;
				CLANG_WARN_BOOL_CONVERSION = YES;
				CLANG_WARN_COMMA = YES;
				CLANG_WARN_CONSTANT_CONVERSION = YES;
				CLANG_WARN_DEPRECATED_OBJC_IMPLEMENTATIONS = YES;
				CLANG_WARN_DIRECT_OBJC_ISA_USAGE = YES_ERROR;
				CLANG_WARN_DOCUMENTATION_COMMENTS = YES;
				CLANG_WARN_EMPTY_BODY = YES;
				CLANG_WARN_ENUM_CONVERSION = YES;
				CLANG_WARN_INFINITE_RECURSION = YES;
				CLANG_WARN_INT_CONVERSION = YES;
				CLANG_WARN_NON_LITERAL_NULL_CONVERSION = YES;
				CLANG_WARN_OBJC_IMPLICIT_RETAIN_SELF = YES;
				CLANG_WARN_OBJC_LITERAL_CONVERSION = YES;
				CLANG_WARN_OBJC_ROOT_CLASS = YES_ERROR;
				CLANG_WARN_QUOTED_INCLUDE_IN_FRAMEWORK_HEADER = YES;
				CLANG_WARN_RANGE_LOOP_ANALYSIS = YES;
				CLANG_WARN_STRICT_PROTOTYPES = YES;
				CLANG_WARN_SUSPICIOUS_MOVE = YES;
				CLANG_WARN_UNGUARDED_AVAILABILITY = YES_AGGRESSIVE;
				CLANG_WARN_UNREACHABLE_CODE = YES;
				CLANG_WARN__DUPLICATE_METHOD_MATCH = YES;
				COPY_PHASE_STRIP = NO;
				DEBUG_INFORMATION_FORMAT = "dwarf-with-dsym";
				ENABLE_NS_ASSERTIONS = NO;
				ENABLE_STRICT_OBJC_MSGSEND = YES;
				GCC_C_LANGUAGE_STANDARD = gnu11;
				GCC_NO_COMMON_BLOCKS = YES;
				GCC_WARN_64_TO_32_BIT_CONVERSION = YES;
				GCC_WARN_ABOUT_RETURN_TYPE = YES_ERROR;
				GCC_WARN_UNDECLARED_SELECTOR = YES;
				GCC_WARN_UNINITIALIZED_AUTOS = YES_AGGRESSIVE;
				GCC_WARN_UNUSED_FUNCTION = YES;
				GCC_WARN_UNUSED_VARIABLE = YES;
				IPHONEOS_DEPLOYMENT_TARGET = 16.0;
				MTL_ENABLE_DEBUG_INFO = NO;
				MTL_FAST_MATH = YES;
				SDKROOT = iphoneos;
				SWIFT_COMPILATION_MODE = wholemodule;
				SWIFT_OPTIMIZATION_LEVEL = "-O";
				VALIDATE_PRODUCT = YES;
			};
			name = Release;
		};
		D6CEFE8B28F44D5A0098E2C5 /* Debug */ = {
			isa = XCBuildConfiguration;
			buildSettings = {
				ASSETCATALOG_COMPILER_APPICON_NAME = AppIcon;
				ASSETCATALOG_COMPILER_GLOBAL_ACCENT_COLOR_NAME = AccentColor;
				CODE_SIGN_STYLE = Automatic;
				CURRENT_PROJECT_VERSION = 1;
				DEVELOPMENT_TEAM = QW8X8R78UC;
				GENERATE_INFOPLIST_FILE = YES;
				INFOPLIST_FILE = MonsterPixel/Info.plist;
				INFOPLIST_KEY_UIApplicationSupportsIndirectInputEvents = YES;
				INFOPLIST_KEY_UILaunchStoryboardName = LaunchScreen;
				INFOPLIST_KEY_UISupportedInterfaceOrientations = UIInterfaceOrientationPortrait;
				LD_RUNPATH_SEARCH_PATHS = (
					"$(inherited)",
					"@executable_path/Frameworks",
				);
				MARKETING_VERSION = 1.0;
				PRODUCT_BUNDLE_IDENTIFIER = com.Ieda.MonsterPixel;
				PRODUCT_NAME = "$(TARGET_NAME)";
				SWIFT_EMIT_LOC_STRINGS = YES;
				SWIFT_VERSION = 5.0;
				TARGETED_DEVICE_FAMILY = "1,2";
			};
			name = Debug;
		};
		D6CEFE8C28F44D5A0098E2C5 /* Release */ = {
			isa = XCBuildConfiguration;
			buildSettings = {
				ASSETCATALOG_COMPILER_APPICON_NAME = AppIcon;
				ASSETCATALOG_COMPILER_GLOBAL_ACCENT_COLOR_NAME = AccentColor;
				CODE_SIGN_STYLE = Automatic;
				CURRENT_PROJECT_VERSION = 1;
				DEVELOPMENT_TEAM = QW8X8R78UC;
				GENERATE_INFOPLIST_FILE = YES;
				INFOPLIST_FILE = MonsterPixel/Info.plist;
				INFOPLIST_KEY_UIApplicationSupportsIndirectInputEvents = YES;
				INFOPLIST_KEY_UILaunchStoryboardName = LaunchScreen;
				INFOPLIST_KEY_UISupportedInterfaceOrientations = UIInterfaceOrientationPortrait;
				LD_RUNPATH_SEARCH_PATHS = (
					"$(inherited)",
					"@executable_path/Frameworks",
				);
				MARKETING_VERSION = 1.0;
				PRODUCT_BUNDLE_IDENTIFIER = com.Ieda.MonsterPixel;
				PRODUCT_NAME = "$(TARGET_NAME)";
				SWIFT_EMIT_LOC_STRINGS = YES;
				SWIFT_VERSION = 5.0;
				TARGETED_DEVICE_FAMILY = "1,2";
			};
			name = Release;
		};
		D6CEFE8E28F44D5A0098E2C5 /* Debug */ = {
			isa = XCBuildConfiguration;
			buildSettings = {
				ALWAYS_EMBED_SWIFT_STANDARD_LIBRARIES = YES;
				BUNDLE_LOADER = "$(TEST_HOST)";
				CODE_SIGN_STYLE = Automatic;
				CURRENT_PROJECT_VERSION = 1;
				DEVELOPMENT_TEAM = QW8X8R78UC;
				GENERATE_INFOPLIST_FILE = YES;
				IPHONEOS_DEPLOYMENT_TARGET = 16.0;
				MARKETING_VERSION = 1.0;
				PRODUCT_BUNDLE_IDENTIFIER = com.Ieda.MonsterPixelTests;
				PRODUCT_NAME = "$(TARGET_NAME)";
				SWIFT_EMIT_LOC_STRINGS = NO;
				SWIFT_VERSION = 5.0;
				TARGETED_DEVICE_FAMILY = "1,2";
				TEST_HOST = "$(BUILT_PRODUCTS_DIR)/MonsterPixel.app/$(BUNDLE_EXECUTABLE_FOLDER_PATH)/MonsterPixel";
			};
			name = Debug;
		};
		D6CEFE8F28F44D5A0098E2C5 /* Release */ = {
			isa = XCBuildConfiguration;
			buildSettings = {
				ALWAYS_EMBED_SWIFT_STANDARD_LIBRARIES = YES;
				BUNDLE_LOADER = "$(TEST_HOST)";
				CODE_SIGN_STYLE = Automatic;
				CURRENT_PROJECT_VERSION = 1;
				DEVELOPMENT_TEAM = QW8X8R78UC;
				GENERATE_INFOPLIST_FILE = YES;
				IPHONEOS_DEPLOYMENT_TARGET = 16.0;
				MARKETING_VERSION = 1.0;
				PRODUCT_BUNDLE_IDENTIFIER = com.Ieda.MonsterPixelTests;
				PRODUCT_NAME = "$(TARGET_NAME)";
				SWIFT_EMIT_LOC_STRINGS = NO;
				SWIFT_VERSION = 5.0;
				TARGETED_DEVICE_FAMILY = "1,2";
				TEST_HOST = "$(BUILT_PRODUCTS_DIR)/MonsterPixel.app/$(BUNDLE_EXECUTABLE_FOLDER_PATH)/MonsterPixel";
			};
			name = Release;
		};
		D6CEFE9128F44D5A0098E2C5 /* Debug */ = {
			isa = XCBuildConfiguration;
			buildSettings = {
				ALWAYS_EMBED_SWIFT_STANDARD_LIBRARIES = YES;
				CODE_SIGN_STYLE = Automatic;
				CURRENT_PROJECT_VERSION = 1;
				DEVELOPMENT_TEAM = QW8X8R78UC;
				GENERATE_INFOPLIST_FILE = YES;
				LD_MAP_FILE_PATH = "";
				MARKETING_VERSION = 1.0;
				PRODUCT_BUNDLE_IDENTIFIER = com.Ieda.MonsterPixelUITests;
				PRODUCT_MODULE_NAME = "";
				PRODUCT_NAME = "";
				SWIFT_EMIT_LOC_STRINGS = NO;
				SWIFT_VERSION = 5.0;
				TARGETED_DEVICE_FAMILY = "1,2";
				TEST_TARGET_NAME = MonsterPixel;
			};
			name = Debug;
		};
		D6CEFE9228F44D5A0098E2C5 /* Release */ = {
			isa = XCBuildConfiguration;
			buildSettings = {
				ALWAYS_EMBED_SWIFT_STANDARD_LIBRARIES = YES;
				CODE_SIGN_STYLE = Automatic;
				CURRENT_PROJECT_VERSION = 1;
				DEVELOPMENT_TEAM = QW8X8R78UC;
				GENERATE_INFOPLIST_FILE = YES;
				LD_MAP_FILE_PATH = "";
				MARKETING_VERSION = 1.0;
				PRODUCT_BUNDLE_IDENTIFIER = com.Ieda.MonsterPixelUITests;
				PRODUCT_MODULE_NAME = "";
				PRODUCT_NAME = "";
				SWIFT_EMIT_LOC_STRINGS = NO;
				SWIFT_VERSION = 5.0;
				TARGETED_DEVICE_FAMILY = "1,2";
				TEST_TARGET_NAME = MonsterPixel;
			};
			name = Release;
		};
/* End XCBuildConfiguration section */

/* Begin XCConfigurationList section */
		D6CEFE5828F44D580098E2C5 /* Build configuration list for PBXProject "MonsterPixel" */ = {
			isa = XCConfigurationList;
			buildConfigurations = (
				D6CEFE8828F44D5A0098E2C5 /* Debug */,
				D6CEFE8928F44D5A0098E2C5 /* Release */,
			);
			defaultConfigurationIsVisible = 0;
			defaultConfigurationName = Release;
		};
		D6CEFE8A28F44D5A0098E2C5 /* Build configuration list for PBXNativeTarget "MonsterPixel" */ = {
			isa = XCConfigurationList;
			buildConfigurations = (
				D6CEFE8B28F44D5A0098E2C5 /* Debug */,
				D6CEFE8C28F44D5A0098E2C5 /* Release */,
			);
			defaultConfigurationIsVisible = 0;
			defaultConfigurationName = Release;
		};
		D6CEFE8D28F44D5A0098E2C5 /* Build configuration list for PBXNativeTarget "MonsterPixelTests" */ = {
			isa = XCConfigurationList;
			buildConfigurations = (
				D6CEFE8E28F44D5A0098E2C5 /* Debug */,
				D6CEFE8F28F44D5A0098E2C5 /* Release */,
			);
			defaultConfigurationIsVisible = 0;
			defaultConfigurationName = Release;
		};
		D6CEFE9028F44D5A0098E2C5 /* Build configuration list for PBXNativeTarget "MonsterPixelUITests" */ = {
			isa = XCConfigurationList;
			buildConfigurations = (
				D6CEFE9128F44D5A0098E2C5 /* Debug */,
				D6CEFE9228F44D5A0098E2C5 /* Release */,
			);
			defaultConfigurationIsVisible = 0;
			defaultConfigurationName = Release;
		};
/* End XCConfigurationList section */

/* Begin XCVersionGroup section */
		D6CEFE6928F44D580098E2C5 /* MonsterPixel.xcdatamodeld */ = {
			isa = XCVersionGroup;
			children = (
				D6CEFE6A28F44D580098E2C5 /* MonsterPixel.xcdatamodel */,
			);
			currentVersion = D6CEFE6A28F44D580098E2C5 /* MonsterPixel.xcdatamodel */;
			path = MonsterPixel.xcdatamodeld;
			sourceTree = "<group>";
			versionGroupType = wrapper.xcdatamodel;
		};
/* End XCVersionGroup section */
	};
	rootObject = D6CEFE5528F44D580098E2C5 /* Project object */;
}
